// !$*UTF8*$!
{
	archiveVersion = 1;
	classes = {
	};
	objectVersion = 56;
	objects = {

/* Begin PBXBuildFile section */
		F6AE6875295FA8D300707168 /* RMOrigin.swift in Sources */ = {isa = PBXBuildFile; fileRef = F6AE6874295FA8D300707168 /* RMOrigin.swift */; };
		F6AE6877295FA94A00707168 /* RMSingleLocation.swift in Sources */ = {isa = PBXBuildFile; fileRef = F6AE6876295FA94A00707168 /* RMSingleLocation.swift */; };
		F6AE6879295FAA6600707168 /* RMCharacterStatus.swift in Sources */ = {isa = PBXBuildFile; fileRef = F6AE6878295FAA6600707168 /* RMCharacterStatus.swift */; };
		F6AE687B295FAABF00707168 /* RMCharacterGander.swift in Sources */ = {isa = PBXBuildFile; fileRef = F6AE687A295FAABF00707168 /* RMCharacterGander.swift */; };
		F6AE687F295FC5F600707168 /* RMGetAllCharactersResponse.swift in Sources */ = {isa = PBXBuildFile; fileRef = F6AE687E295FC5F600707168 /* RMGetAllCharactersResponse.swift */; };
		F6AE6881295FC6C700707168 /* RMGetCharactersResponseInfo.swift in Sources */ = {isa = PBXBuildFile; fileRef = F6AE6880295FC6C700707168 /* RMGetCharactersResponseInfo.swift */; };
		F6AE6883296A2D7700707168 /* RMCharactersListViewViewModel.swift in Sources */ = {isa = PBXBuildFile; fileRef = F6AE6882296A2D7700707168 /* RMCharactersListViewViewModel.swift */; };
		F6AE6885296A2E0500707168 /* RMCharactersListView.swift in Sources */ = {isa = PBXBuildFile; fileRef = F6AE6884296A2E0500707168 /* RMCharactersListView.swift */; };
		F6AE6887296A365B00707168 /* Extensions.swift in Sources */ = {isa = PBXBuildFile; fileRef = F6AE6886296A365B00707168 /* Extensions.swift */; };
		F6AE6889296A3E6200707168 /* RMCharacterCollectionViewCell.swift in Sources */ = {isa = PBXBuildFile; fileRef = F6AE6888296A3E6200707168 /* RMCharacterCollectionViewCell.swift */; };
		F6AE688F296A405C00707168 /* RMCharacterCollectionViewCellViewModel.swift in Sources */ = {isa = PBXBuildFile; fileRef = F6AE688E296A405C00707168 /* RMCharacterCollectionViewCellViewModel.swift */; };
		F6B87266295887E800B16D32 /* AppDelegate.swift in Sources */ = {isa = PBXBuildFile; fileRef = F6B87265295887E800B16D32 /* AppDelegate.swift */; };
		F6B87268295887E800B16D32 /* SceneDelegate.swift in Sources */ = {isa = PBXBuildFile; fileRef = F6B87267295887E800B16D32 /* SceneDelegate.swift */; };
		F6B8726A295887E800B16D32 /* RMTabBarController.swift in Sources */ = {isa = PBXBuildFile; fileRef = F6B87269295887E800B16D32 /* RMTabBarController.swift */; };
		F6B8726F295887EA00B16D32 /* Assets.xcassets in Resources */ = {isa = PBXBuildFile; fileRef = F6B8726E295887EA00B16D32 /* Assets.xcassets */; };
		F6B87272295887EA00B16D32 /* LaunchScreen.storyboard in Resources */ = {isa = PBXBuildFile; fileRef = F6B87270295887EA00B16D32 /* LaunchScreen.storyboard */; };
		F6B8728229588B8D00B16D32 /* RMLocation.swift in Sources */ = {isa = PBXBuildFile; fileRef = F6B8728129588B8D00B16D32 /* RMLocation.swift */; };
		F6B8728429588BD300B16D32 /* RMCharacter.swift in Sources */ = {isa = PBXBuildFile; fileRef = F6B8728329588BD300B16D32 /* RMCharacter.swift */; };
		F6B8728629588BE800B16D32 /* RMEpisode.swift in Sources */ = {isa = PBXBuildFile; fileRef = F6B8728529588BE800B16D32 /* RMEpisode.swift */; };
		F6B8728929588DDC00B16D32 /* RMCharactersViewController.swift in Sources */ = {isa = PBXBuildFile; fileRef = F6B8728829588DDC00B16D32 /* RMCharactersViewController.swift */; };
		F6B8728B29588E1500B16D32 /* RMLocationsViewController.swift in Sources */ = {isa = PBXBuildFile; fileRef = F6B8728A29588E1500B16D32 /* RMLocationsViewController.swift */; };
		F6B8728D29588E4F00B16D32 /* RMEpisodesViewController.swift in Sources */ = {isa = PBXBuildFile; fileRef = F6B8728C29588E4F00B16D32 /* RMEpisodesViewController.swift */; };
		F6B8728F29588E6A00B16D32 /* RMSettingsViewController.swift in Sources */ = {isa = PBXBuildFile; fileRef = F6B8728E29588E6A00B16D32 /* RMSettingsViewController.swift */; };
		F6B87291295893C900B16D32 /* RMService.swift in Sources */ = {isa = PBXBuildFile; fileRef = F6B87290295893C900B16D32 /* RMService.swift */; };
		F6B87293295893D500B16D32 /* RMRequest.swift in Sources */ = {isa = PBXBuildFile; fileRef = F6B87292295893D500B16D32 /* RMRequest.swift */; };
		F6B872952958951D00B16D32 /* RMEndpoint.swift in Sources */ = {isa = PBXBuildFile; fileRef = F6B872942958951D00B16D32 /* RMEndpoint.swift */; };
/* End PBXBuildFile section */

/* Begin PBXFileReference section */
		F6AE6874295FA8D300707168 /* RMOrigin.swift */ = {isa = PBXFileReference; lastKnownFileType = sourcecode.swift; path = RMOrigin.swift; sourceTree = "<group>"; };
		F6AE6876295FA94A00707168 /* RMSingleLocation.swift */ = {isa = PBXFileReference; lastKnownFileType = sourcecode.swift; path = RMSingleLocation.swift; sourceTree = "<group>"; };
		F6AE6878295FAA6600707168 /* RMCharacterStatus.swift */ = {isa = PBXFileReference; lastKnownFileType = sourcecode.swift; path = RMCharacterStatus.swift; sourceTree = "<group>"; };
		F6AE687A295FAABF00707168 /* RMCharacterGander.swift */ = {isa = PBXFileReference; lastKnownFileType = sourcecode.swift; path = RMCharacterGander.swift; sourceTree = "<group>"; };
		F6AE687E295FC5F600707168 /* RMGetAllCharactersResponse.swift */ = {isa = PBXFileReference; lastKnownFileType = sourcecode.swift; path = RMGetAllCharactersResponse.swift; sourceTree = "<group>"; };
		F6AE6880295FC6C700707168 /* RMGetCharactersResponseInfo.swift */ = {isa = PBXFileReference; lastKnownFileType = sourcecode.swift; path = RMGetCharactersResponseInfo.swift; sourceTree = "<group>"; };
		F6AE6882296A2D7700707168 /* RMCharactersListViewViewModel.swift */ = {isa = PBXFileReference; lastKnownFileType = sourcecode.swift; path = RMCharactersListViewViewModel.swift; sourceTree = "<group>"; };
		F6AE6884296A2E0500707168 /* RMCharactersListView.swift */ = {isa = PBXFileReference; lastKnownFileType = sourcecode.swift; path = RMCharactersListView.swift; sourceTree = "<group>"; };
		F6AE6886296A365B00707168 /* Extensions.swift */ = {isa = PBXFileReference; lastKnownFileType = sourcecode.swift; path = Extensions.swift; sourceTree = "<group>"; };
		F6AE6888296A3E6200707168 /* RMCharacterCollectionViewCell.swift */ = {isa = PBXFileReference; lastKnownFileType = sourcecode.swift; path = RMCharacterCollectionViewCell.swift; sourceTree = "<group>"; };
		F6AE688E296A405C00707168 /* RMCharacterCollectionViewCellViewModel.swift */ = {isa = PBXFileReference; lastKnownFileType = sourcecode.swift; path = RMCharacterCollectionViewCellViewModel.swift; sourceTree = "<group>"; };
		F6B87262295887E800B16D32 /* RickAndMortyApp.app */ = {isa = PBXFileReference; explicitFileType = wrapper.application; includeInIndex = 0; path = RickAndMortyApp.app; sourceTree = BUILT_PRODUCTS_DIR; };
		F6B87265295887E800B16D32 /* AppDelegate.swift */ = {isa = PBXFileReference; lastKnownFileType = sourcecode.swift; path = AppDelegate.swift; sourceTree = "<group>"; };
		F6B87267295887E800B16D32 /* SceneDelegate.swift */ = {isa = PBXFileReference; lastKnownFileType = sourcecode.swift; path = SceneDelegate.swift; sourceTree = "<group>"; };
		F6B87269295887E800B16D32 /* RMTabBarController.swift */ = {isa = PBXFileReference; lastKnownFileType = sourcecode.swift; path = RMTabBarController.swift; sourceTree = "<group>"; };
		F6B8726E295887EA00B16D32 /* Assets.xcassets */ = {isa = PBXFileReference; lastKnownFileType = folder.assetcatalog; path = Assets.xcassets; sourceTree = "<group>"; };
		F6B87271295887EA00B16D32 /* Base */ = {isa = PBXFileReference; lastKnownFileType = file.storyboard; name = Base; path = Base.lproj/LaunchScreen.storyboard; sourceTree = "<group>"; };
		F6B87273295887EA00B16D32 /* Info.plist */ = {isa = PBXFileReference; lastKnownFileType = text.plist.xml; path = Info.plist; sourceTree = "<group>"; };
		F6B8728129588B8D00B16D32 /* RMLocation.swift */ = {isa = PBXFileReference; lastKnownFileType = sourcecode.swift; path = RMLocation.swift; sourceTree = "<group>"; };
		F6B8728329588BD300B16D32 /* RMCharacter.swift */ = {isa = PBXFileReference; lastKnownFileType = sourcecode.swift; path = RMCharacter.swift; sourceTree = "<group>"; };
		F6B8728529588BE800B16D32 /* RMEpisode.swift */ = {isa = PBXFileReference; lastKnownFileType = sourcecode.swift; path = RMEpisode.swift; sourceTree = "<group>"; };
		F6B8728829588DDC00B16D32 /* RMCharactersViewController.swift */ = {isa = PBXFileReference; lastKnownFileType = sourcecode.swift; path = RMCharactersViewController.swift; sourceTree = "<group>"; };
		F6B8728A29588E1500B16D32 /* RMLocationsViewController.swift */ = {isa = PBXFileReference; lastKnownFileType = sourcecode.swift; path = RMLocationsViewController.swift; sourceTree = "<group>"; };
		F6B8728C29588E4F00B16D32 /* RMEpisodesViewController.swift */ = {isa = PBXFileReference; lastKnownFileType = sourcecode.swift; path = RMEpisodesViewController.swift; sourceTree = "<group>"; };
		F6B8728E29588E6A00B16D32 /* RMSettingsViewController.swift */ = {isa = PBXFileReference; lastKnownFileType = sourcecode.swift; path = RMSettingsViewController.swift; sourceTree = "<group>"; };
		F6B87290295893C900B16D32 /* RMService.swift */ = {isa = PBXFileReference; lastKnownFileType = sourcecode.swift; path = RMService.swift; sourceTree = "<group>"; };
		F6B87292295893D500B16D32 /* RMRequest.swift */ = {isa = PBXFileReference; lastKnownFileType = sourcecode.swift; path = RMRequest.swift; sourceTree = "<group>"; };
		F6B872942958951D00B16D32 /* RMEndpoint.swift */ = {isa = PBXFileReference; lastKnownFileType = sourcecode.swift; path = RMEndpoint.swift; sourceTree = "<group>"; };
/* End PBXFileReference section */

/* Begin PBXFrameworksBuildPhase section */
		F6B8725F295887E800B16D32 /* Frameworks */ = {
			isa = PBXFrameworksBuildPhase;
			buildActionMask = 2147483647;
			files = (
			);
			runOnlyForDeploymentPostprocessing = 0;
		};
/* End PBXFrameworksBuildPhase section */

/* Begin PBXGroup section */
		F6AE687C295FC5A200707168 /* DataTypes */ = {
			isa = PBXGroup;
			children = (
				F6B8728329588BD300B16D32 /* RMCharacter.swift */,
				F6B8728129588B8D00B16D32 /* RMLocation.swift */,
				F6B8728529588BE800B16D32 /* RMEpisode.swift */,
				F6AE6874295FA8D300707168 /* RMOrigin.swift */,
				F6AE6876295FA94A00707168 /* RMSingleLocation.swift */,
				F6AE6878295FAA6600707168 /* RMCharacterStatus.swift */,
				F6AE687A295FAABF00707168 /* RMCharacterGander.swift */,
			);
			path = DataTypes;
			sourceTree = "<group>";
		};
		F6AE687D295FC5BA00707168 /* APIResponseTypes */ = {
			isa = PBXGroup;
			children = (
				F6AE687E295FC5F600707168 /* RMGetAllCharactersResponse.swift */,
				F6AE6880295FC6C700707168 /* RMGetCharactersResponseInfo.swift */,
			);
			path = APIResponseTypes;
			sourceTree = "<group>";
		};
		F6B87259295887E800B16D32 = {
			isa = PBXGroup;
			children = (
				F6B87264295887E800B16D32 /* RickAndMortyApp */,
				F6B87263295887E800B16D32 /* Products */,
			);
			sourceTree = "<group>";
		};
		F6B87263295887E800B16D32 /* Products */ = {
			isa = PBXGroup;
			children = (
				F6B87262295887E800B16D32 /* RickAndMortyApp.app */,
			);
			name = Products;
			sourceTree = "<group>";
		};
		F6B87264295887E800B16D32 /* RickAndMortyApp */ = {
			isa = PBXGroup;
			children = (
				F6B8727E295889C800B16D32 /* Managers */,
				F6B8727F295889E600B16D32 /* APIClient */,
				F6B8727C295889AA00B16D32 /* ModelViews */,
				F6B8727B2958899300B16D32 /* Views */,
				F6B8727A2958898200B16D32 /* Models */,
				F6B872792958897000B16D32 /* Controllers */,
				F6B87280295889FC00B16D32 /* Resources */,
			);
			path = RickAndMortyApp;
			sourceTree = "<group>";
		};
		F6B872792958897000B16D32 /* Controllers */ = {
			isa = PBXGroup;
			children = (
				F6B8728729588D5900B16D32 /* Core */,
			);
			path = Controllers;
			sourceTree = "<group>";
		};
		F6B8727A2958898200B16D32 /* Models */ = {
			isa = PBXGroup;
			children = (
				F6AE687D295FC5BA00707168 /* APIResponseTypes */,
				F6AE687C295FC5A200707168 /* DataTypes */,
			);
			path = Models;
			sourceTree = "<group>";
		};
		F6B8727B2958899300B16D32 /* Views */ = {
			isa = PBXGroup;
			children = (
				F6AE6884296A2E0500707168 /* RMCharactersListView.swift */,
				F6AE6888296A3E6200707168 /* RMCharacterCollectionViewCell.swift */,
			);
			path = Views;
			sourceTree = "<group>";
		};
		F6B8727C295889AA00B16D32 /* ModelViews */ = {
			isa = PBXGroup;
			children = (
				F6AE6882296A2D7700707168 /* RMCharactersListViewViewModel.swift */,
				F6AE688E296A405C00707168 /* RMCharacterCollectionViewCellViewModel.swift */,
			);
			path = ModelViews;
			sourceTree = "<group>";
		};
		F6B8727E295889C800B16D32 /* Managers */ = {
			isa = PBXGroup;
			children = (
			);
			path = Managers;
			sourceTree = "<group>";
		};
		F6B8727F295889E600B16D32 /* APIClient */ = {
			isa = PBXGroup;
			children = (
				F6B87290295893C900B16D32 /* RMService.swift */,
				F6B87292295893D500B16D32 /* RMRequest.swift */,
				F6B872942958951D00B16D32 /* RMEndpoint.swift */,
			);
			path = APIClient;
			sourceTree = "<group>";
		};
		F6B87280295889FC00B16D32 /* Resources */ = {
			isa = PBXGroup;
			children = (
				F6B8726E295887EA00B16D32 /* Assets.xcassets */,
				F6B87270295887EA00B16D32 /* LaunchScreen.storyboard */,
				F6B87273295887EA00B16D32 /* Info.plist */,
				F6B87265295887E800B16D32 /* AppDelegate.swift */,
				F6B87267295887E800B16D32 /* SceneDelegate.swift */,
				F6AE6886296A365B00707168 /* Extensions.swift */,
			);
			path = Resources;
			sourceTree = "<group>";
		};
		F6B8728729588D5900B16D32 /* Core */ = {
			isa = PBXGroup;
			children = (
				F6B8728829588DDC00B16D32 /* RMCharactersViewController.swift */,
				F6B8728A29588E1500B16D32 /* RMLocationsViewController.swift */,
				F6B8728C29588E4F00B16D32 /* RMEpisodesViewController.swift */,
				F6B8728E29588E6A00B16D32 /* RMSettingsViewController.swift */,
				F6B87269295887E800B16D32 /* RMTabBarController.swift */,
			);
			name = Core;
			sourceTree = "<group>";
		};
/* End PBXGroup section */

/* Begin PBXNativeTarget section */
		F6B87261295887E800B16D32 /* RickAndMortyApp */ = {
			isa = PBXNativeTarget;
			buildConfigurationList = F6B87276295887EA00B16D32 /* Build configuration list for PBXNativeTarget "RickAndMortyApp" */;
			buildPhases = (
				F6B8725E295887E800B16D32 /* Sources */,
				F6B8725F295887E800B16D32 /* Frameworks */,
				F6B87260295887E800B16D32 /* Resources */,
			);
			buildRules = (
			);
			dependencies = (
			);
			name = RickAndMortyApp;
			productName = RickAndMortyApp;
			productReference = F6B87262295887E800B16D32 /* RickAndMortyApp.app */;
			productType = "com.apple.product-type.application";
		};
/* End PBXNativeTarget section */

/* Begin PBXProject section */
		F6B8725A295887E800B16D32 /* Project object */ = {
			isa = PBXProject;
			attributes = {
				BuildIndependentTargetsInParallel = 1;
				LastSwiftUpdateCheck = 1420;
				LastUpgradeCheck = 1420;
				TargetAttributes = {
					F6B87261295887E800B16D32 = {
						CreatedOnToolsVersion = 14.2;
					};
				};
			};
			buildConfigurationList = F6B8725D295887E800B16D32 /* Build configuration list for PBXProject "RickAndMortyApp" */;
			compatibilityVersion = "Xcode 14.0";
			developmentRegion = en;
			hasScannedForEncodings = 0;
			knownRegions = (
				en,
				Base,
			);
			mainGroup = F6B87259295887E800B16D32;
			productRefGroup = F6B87263295887E800B16D32 /* Products */;
			projectDirPath = "";
			projectRoot = "";
			targets = (
				F6B87261295887E800B16D32 /* RickAndMortyApp */,
			);
		};
/* End PBXProject section */

/* Begin PBXResourcesBuildPhase section */
		F6B87260295887E800B16D32 /* Resources */ = {
			isa = PBXResourcesBuildPhase;
			buildActionMask = 2147483647;
			files = (
				F6B87272295887EA00B16D32 /* LaunchScreen.storyboard in Resources */,
				F6B8726F295887EA00B16D32 /* Assets.xcassets in Resources */,
			);
			runOnlyForDeploymentPostprocessing = 0;
		};
/* End PBXResourcesBuildPhase section */

/* Begin PBXSourcesBuildPhase section */
		F6B8725E295887E800B16D32 /* Sources */ = {
			isa = PBXSourcesBuildPhase;
			buildActionMask = 2147483647;
			files = (
				F6AE6875295FA8D300707168 /* RMOrigin.swift in Sources */,
				F6AE6877295FA94A00707168 /* RMSingleLocation.swift in Sources */,
				F6AE6879295FAA6600707168 /* RMCharacterStatus.swift in Sources */,
				F6AE687B295FAABF00707168 /* RMCharacterGander.swift in Sources */,
				F6B8728D29588E4F00B16D32 /* RMEpisodesViewController.swift in Sources */,
				F6B8728629588BE800B16D32 /* RMEpisode.swift in Sources */,
				F6B8726A295887E800B16D32 /* RMTabBarController.swift in Sources */,
				F6B87266295887E800B16D32 /* AppDelegate.swift in Sources */,
				F6B87268295887E800B16D32 /* SceneDelegate.swift in Sources */,
				F6AE6887296A365B00707168 /* Extensions.swift in Sources */,
				F6B8728B29588E1500B16D32 /* RMLocationsViewController.swift in Sources */,
				F6AE6881295FC6C700707168 /* RMGetCharactersResponseInfo.swift in Sources */,
				F6B8728F29588E6A00B16D32 /* RMSettingsViewController.swift in Sources */,
				F6B87291295893C900B16D32 /* RMService.swift in Sources */,
				F6B8728229588B8D00B16D32 /* RMLocation.swift in Sources */,
				F6AE6885296A2E0500707168 /* RMCharactersListView.swift in Sources */,
				F6B872952958951D00B16D32 /* RMEndpoint.swift in Sources */,
				F6B8728429588BD300B16D32 /* RMCharacter.swift in Sources */,
				F6B87293295893D500B16D32 /* RMRequest.swift in Sources */,
				F6AE6889296A3E6200707168 /* RMCharacterCollectionViewCell.swift in Sources */,
				F6AE6883296A2D7700707168 /* RMCharactersListViewViewModel.swift in Sources */,
				F6B8728929588DDC00B16D32 /* RMCharactersViewController.swift in Sources */,
				F6AE688F296A405C00707168 /* RMCharacterCollectionViewCellViewModel.swift in Sources */,
				F6AE687F295FC5F600707168 /* RMGetAllCharactersResponse.swift in Sources */,
			);
			runOnlyForDeploymentPostprocessing = 0;
		};
/* End PBXSourcesBuildPhase section */

/* Begin PBXVariantGroup section */
		F6B87270295887EA00B16D32 /* LaunchScreen.storyboard */ = {
			isa = PBXVariantGroup;
			children = (
				F6B87271295887EA00B16D32 /* Base */,
			);
			name = LaunchScreen.storyboard;
			sourceTree = "<group>";
		};
/* End PBXVariantGroup section */

/* Begin XCBuildConfiguration section */
		F6B87274295887EA00B16D32 /* Debug */ = {
			isa = XCBuildConfiguration;
			buildSettings = {
				ALWAYS_SEARCH_USER_PATHS = NO;
				CLANG_ANALYZER_NONNULL = YES;
				CLANG_ANALYZER_NUMBER_OBJECT_CONVERSION = YES_AGGRESSIVE;
				CLANG_CXX_LANGUAGE_STANDARD = "gnu++20";
				CLANG_ENABLE_MODULES = YES;
				CLANG_ENABLE_OBJC_ARC = YES;
				CLANG_ENABLE_OBJC_WEAK = YES;
				CLANG_WARN_BLOCK_CAPTURE_AUTORELEASING = YES;
				CLANG_WARN_BOOL_CONVERSION = YES;
				CLANG_WARN_COMMA = YES;
				CLANG_WARN_CONSTANT_CONVERSION = YES;
				CLANG_WARN_DEPRECATED_OBJC_IMPLEMENTATIONS = YES;
				CLANG_WARN_DIRECT_OBJC_ISA_USAGE = YES_ERROR;
				CLANG_WARN_DOCUMENTATION_COMMENTS = YES;
				CLANG_WARN_EMPTY_BODY = YES;
				CLANG_WARN_ENUM_CONVERSION = YES;
				CLANG_WARN_INFINITE_RECURSION = YES;
				CLANG_WARN_INT_CONVERSION = YES;
				CLANG_WARN_NON_LITERAL_NULL_CONVERSION = YES;
				CLANG_WARN_OBJC_IMPLICIT_RETAIN_SELF = YES;
				CLANG_WARN_OBJC_LITERAL_CONVERSION = YES;
				CLANG_WARN_OBJC_ROOT_CLASS = YES_ERROR;
				CLANG_WARN_QUOTED_INCLUDE_IN_FRAMEWORK_HEADER = YES;
				CLANG_WARN_RANGE_LOOP_ANALYSIS = YES;
				CLANG_WARN_STRICT_PROTOTYPES = YES;
				CLANG_WARN_SUSPICIOUS_MOVE = YES;
				CLANG_WARN_UNGUARDED_AVAILABILITY = YES_AGGRESSIVE;
				CLANG_WARN_UNREACHABLE_CODE = YES;
				CLANG_WARN__DUPLICATE_METHOD_MATCH = YES;
				COPY_PHASE_STRIP = NO;
				DEBUG_INFORMATION_FORMAT = dwarf;
				ENABLE_STRICT_OBJC_MSGSEND = YES;
				ENABLE_TESTABILITY = YES;
				GCC_C_LANGUAGE_STANDARD = gnu11;
				GCC_DYNAMIC_NO_PIC = NO;
				GCC_NO_COMMON_BLOCKS = YES;
				GCC_OPTIMIZATION_LEVEL = 0;
				GCC_PREPROCESSOR_DEFINITIONS = (
					"DEBUG=1",
					"$(inherited)",
				);
				GCC_WARN_64_TO_32_BIT_CONVERSION = YES;
				GCC_WARN_ABOUT_RETURN_TYPE = YES_ERROR;
				GCC_WARN_UNDECLARED_SELECTOR = YES;
				GCC_WARN_UNINITIALIZED_AUTOS = YES_AGGRESSIVE;
				GCC_WARN_UNUSED_FUNCTION = YES;
				GCC_WARN_UNUSED_VARIABLE = YES;
				IPHONEOS_DEPLOYMENT_TARGET = 16.2;
				MTL_ENABLE_DEBUG_INFO = INCLUDE_SOURCE;
				MTL_FAST_MATH = YES;
				ONLY_ACTIVE_ARCH = YES;
				SDKROOT = iphoneos;
				SWIFT_ACTIVE_COMPILATION_CONDITIONS = DEBUG;
				SWIFT_OPTIMIZATION_LEVEL = "-Onone";
			};
			name = Debug;
		};
		F6B87275295887EA00B16D32 /* Release */ = {
			isa = XCBuildConfiguration;
			buildSettings = {
				ALWAYS_SEARCH_USER_PATHS = NO;
				CLANG_ANALYZER_NONNULL = YES;
				CLANG_ANALYZER_NUMBER_OBJECT_CONVERSION = YES_AGGRESSIVE;
				CLANG_CXX_LANGUAGE_STANDARD = "gnu++20";
				CLANG_ENABLE_MODULES = YES;
				CLANG_ENABLE_OBJC_ARC = YES;
				CLANG_ENABLE_OBJC_WEAK = YES;
				CLANG_WARN_BLOCK_CAPTURE_AUTORELEASING = YES;
				CLANG_WARN_BOOL_CONVERSION = YES;
				CLANG_WARN_COMMA = YES;
				CLANG_WARN_CONSTANT_CONVERSION = YES;
				CLANG_WARN_DEPRECATED_OBJC_IMPLEMENTATIONS = YES;
				CLANG_WARN_DIRECT_OBJC_ISA_USAGE = YES_ERROR;
				CLANG_WARN_DOCUMENTATION_COMMENTS = YES;
				CLANG_WARN_EMPTY_BODY = YES;
				CLANG_WARN_ENUM_CONVERSION = YES;
				CLANG_WARN_INFINITE_RECURSION = YES;
				CLANG_WARN_INT_CONVERSION = YES;
				CLANG_WARN_NON_LITERAL_NULL_CONVERSION = YES;
				CLANG_WARN_OBJC_IMPLICIT_RETAIN_SELF = YES;
				CLANG_WARN_OBJC_LITERAL_CONVERSION = YES;
				CLANG_WARN_OBJC_ROOT_CLASS = YES_ERROR;
				CLANG_WARN_QUOTED_INCLUDE_IN_FRAMEWORK_HEADER = YES;
				CLANG_WARN_RANGE_LOOP_ANALYSIS = YES;
				CLANG_WARN_STRICT_PROTOTYPES = YES;
				CLANG_WARN_SUSPICIOUS_MOVE = YES;
				CLANG_WARN_UNGUARDED_AVAILABILITY = YES_AGGRESSIVE;
				CLANG_WARN_UNREACHABLE_CODE = YES;
				CLANG_WARN__DUPLICATE_METHOD_MATCH = YES;
				COPY_PHASE_STRIP = NO;
				DEBUG_INFORMATION_FORMAT = "dwarf-with-dsym";
				ENABLE_NS_ASSERTIONS = NO;
				ENABLE_STRICT_OBJC_MSGSEND = YES;
				GCC_C_LANGUAGE_STANDARD = gnu11;
				GCC_NO_COMMON_BLOCKS = YES;
				GCC_WARN_64_TO_32_BIT_CONVERSION = YES;
				GCC_WARN_ABOUT_RETURN_TYPE = YES_ERROR;
				GCC_WARN_UNDECLARED_SELECTOR = YES;
				GCC_WARN_UNINITIALIZED_AUTOS = YES_AGGRESSIVE;
				GCC_WARN_UNUSED_FUNCTION = YES;
				GCC_WARN_UNUSED_VARIABLE = YES;
				IPHONEOS_DEPLOYMENT_TARGET = 16.2;
				MTL_ENABLE_DEBUG_INFO = NO;
				MTL_FAST_MATH = YES;
				SDKROOT = iphoneos;
				SWIFT_COMPILATION_MODE = wholemodule;
				SWIFT_OPTIMIZATION_LEVEL = "-O";
				VALIDATE_PRODUCT = YES;
			};
			name = Release;
		};
		F6B87277295887EA00B16D32 /* Debug */ = {
			isa = XCBuildConfiguration;
			buildSettings = {
				ASSETCATALOG_COMPILER_APPICON_NAME = AppIcon;
				ASSETCATALOG_COMPILER_GLOBAL_ACCENT_COLOR_NAME = AccentColor;
				CODE_SIGN_STYLE = Automatic;
				CURRENT_PROJECT_VERSION = 1;
				DEVELOPMENT_TEAM = CJAQY24NC2;
				GENERATE_INFOPLIST_FILE = YES;
				INFOPLIST_FILE = RickAndMortyApp/Resources/Info.plist;
				INFOPLIST_KEY_UIApplicationSupportsIndirectInputEvents = YES;
				INFOPLIST_KEY_UILaunchStoryboardName = LaunchScreen;
				INFOPLIST_KEY_UIMainStoryboardFile = "";
				INFOPLIST_KEY_UISupportedInterfaceOrientations_iPad = "UIInterfaceOrientationPortrait UIInterfaceOrientationPortraitUpsideDown UIInterfaceOrientationLandscapeLeft UIInterfaceOrientationLandscapeRight";
				INFOPLIST_KEY_UISupportedInterfaceOrientations_iPhone = "UIInterfaceOrientationPortrait UIInterfaceOrientationLandscapeLeft UIInterfaceOrientationLandscapeRight";
				LD_RUNPATH_SEARCH_PATHS = (
					"$(inherited)",
					"@executable_path/Frameworks",
				);
				MARKETING_VERSION = 1.0;
				PRODUCT_BUNDLE_IDENTIFIER = AG.RickAndMortyApp;
				PRODUCT_NAME = "$(TARGET_NAME)";
				SWIFT_EMIT_LOC_STRINGS = YES;
				SWIFT_VERSION = 5.0;
				TARGETED_DEVICE_FAMILY = "1,2";
			};
			name = Debug;
		};
		F6B87278295887EA00B16D32 /* Release */ = {
			isa = XCBuildConfiguration;
			buildSettings = {
				ASSETCATALOG_COMPILER_APPICON_NAME = AppIcon;
				ASSETCATALOG_COMPILER_GLOBAL_ACCENT_COLOR_NAME = AccentColor;
				CODE_SIGN_STYLE = Automatic;
				CURRENT_PROJECT_VERSION = 1;
				DEVELOPMENT_TEAM = CJAQY24NC2;
				GENERATE_INFOPLIST_FILE = YES;
				INFOPLIST_FILE = RickAndMortyApp/Resources/Info.plist;
				INFOPLIST_KEY_UIApplicationSupportsIndirectInputEvents = YES;
				INFOPLIST_KEY_UILaunchStoryboardName = LaunchScreen;
				INFOPLIST_KEY_UIMainStoryboardFile = "";
				INFOPLIST_KEY_UISupportedInterfaceOrientations_iPad = "UIInterfaceOrientationPortrait UIInterfaceOrientationPortraitUpsideDown UIInterfaceOrientationLandscapeLeft UIInterfaceOrientationLandscapeRight";
				INFOPLIST_KEY_UISupportedInterfaceOrientations_iPhone = "UIInterfaceOrientationPortrait UIInterfaceOrientationLandscapeLeft UIInterfaceOrientationLandscapeRight";
				LD_RUNPATH_SEARCH_PATHS = (
					"$(inherited)",
					"@executable_path/Frameworks",
				);
				MARKETING_VERSION = 1.0;
				PRODUCT_BUNDLE_IDENTIFIER = AG.RickAndMortyApp;
				PRODUCT_NAME = "$(TARGET_NAME)";
				SWIFT_EMIT_LOC_STRINGS = YES;
				SWIFT_VERSION = 5.0;
				TARGETED_DEVICE_FAMILY = "1,2";
			};
			name = Release;
		};
/* End XCBuildConfiguration section */

/* Begin XCConfigurationList section */
		F6B8725D295887E800B16D32 /* Build configuration list for PBXProject "RickAndMortyApp" */ = {
			isa = XCConfigurationList;
			buildConfigurations = (
				F6B87274295887EA00B16D32 /* Debug */,
				F6B87275295887EA00B16D32 /* Release */,
			);
			defaultConfigurationIsVisible = 0;
			defaultConfigurationName = Release;
		};
		F6B87276295887EA00B16D32 /* Build configuration list for PBXNativeTarget "RickAndMortyApp" */ = {
			isa = XCConfigurationList;
			buildConfigurations = (
				F6B87277295887EA00B16D32 /* Debug */,
				F6B87278295887EA00B16D32 /* Release */,
			);
			defaultConfigurationIsVisible = 0;
			defaultConfigurationName = Release;
		};
/* End XCConfigurationList section */
	};
	rootObject = F6B8725A295887E800B16D32 /* Project object */;
}
